// !$*UTF8*$!
{
	archiveVersion = 1;
	classes = {
	};
	objectVersion = 46;
	objects = {

/* Begin PBXBuildFile section */
		8E06607B1A733EEF0099B3AB /* Foundation.framework in Frameworks */ = {isa = PBXBuildFile; fileRef = 8E06607A1A733EEF0099B3AB /* Foundation.framework */; };
		8E06607D1A733EEF0099B3AB /* CoreGraphics.framework in Frameworks */ = {isa = PBXBuildFile; fileRef = 8E06607C1A733EEF0099B3AB /* CoreGraphics.framework */; };
		8E06607F1A733EEF0099B3AB /* UIKit.framework in Frameworks */ = {isa = PBXBuildFile; fileRef = 8E06607E1A733EEF0099B3AB /* UIKit.framework */; };
		8E0660851A733EEF0099B3AB /* InfoPlist.strings in Resources */ = {isa = PBXBuildFile; fileRef = 8E0660831A733EEF0099B3AB /* InfoPlist.strings */; };
		8E0660871A733EEF0099B3AB /* main.m in Sources */ = {isa = PBXBuildFile; fileRef = 8E0660861A733EEF0099B3AB /* main.m */; };
		8E06608B1A733EEF0099B3AB /* AppDelegate.m in Sources */ = {isa = PBXBuildFile; fileRef = 8E06608A1A733EEF0099B3AB /* AppDelegate.m */; };
		8E06608E1A733EEF0099B3AB /* Main_iPhone.storyboard in Resources */ = {isa = PBXBuildFile; fileRef = 8E06608C1A733EEF0099B3AB /* Main_iPhone.storyboard */; };
		8E0660911A733EEF0099B3AB /* Main_iPad.storyboard in Resources */ = {isa = PBXBuildFile; fileRef = 8E06608F1A733EEF0099B3AB /* Main_iPad.storyboard */; };
		8E0660941A733EEF0099B3AB /* ViewController.m in Sources */ = {isa = PBXBuildFile; fileRef = 8E0660931A733EEF0099B3AB /* ViewController.m */; };
		8E0660961A733EEF0099B3AB /* Images.xcassets in Resources */ = {isa = PBXBuildFile; fileRef = 8E0660951A733EEF0099B3AB /* Images.xcassets */; };
		8E06609D1A733EEF0099B3AB /* XCTest.framework in Frameworks */ = {isa = PBXBuildFile; fileRef = 8E06609C1A733EEF0099B3AB /* XCTest.framework */; };
		8E06609E1A733EEF0099B3AB /* Foundation.framework in Frameworks */ = {isa = PBXBuildFile; fileRef = 8E06607A1A733EEF0099B3AB /* Foundation.framework */; };
		8E06609F1A733EEF0099B3AB /* UIKit.framework in Frameworks */ = {isa = PBXBuildFile; fileRef = 8E06607E1A733EEF0099B3AB /* UIKit.framework */; };
		8E0660A71A733EEF0099B3AB /* InfoPlist.strings in Resources */ = {isa = PBXBuildFile; fileRef = 8E0660A51A733EEF0099B3AB /* InfoPlist.strings */; };
		8E0660A91A733EEF0099B3AB /* AINFormViewTests.m in Sources */ = {isa = PBXBuildFile; fileRef = 8E0660A81A733EEF0099B3AB /* AINFormViewTests.m */; };
		8E0660B41A733FB30099B3AB /* AINFormView.m in Sources */ = {isa = PBXBuildFile; fileRef = 8E0660B31A733FB30099B3AB /* AINFormView.m */; };
		8E5E8AAE1ADE240800714288 /* AINFormValidationDisplay.m in Sources */ = {isa = PBXBuildFile; fileRef = 8E5E8AAD1ADE240800714288 /* AINFormValidationDisplay.m */; };
		8E5E8AB11ADE24F500714288 /* AINFormValidationOutline.m in Sources */ = {isa = PBXBuildFile; fileRef = 8E5E8AB01ADE24F500714288 /* AINFormValidationOutline.m */; };
		8E5E8AB41ADE25E000714288 /* AINFormValidationStyleFactory.m in Sources */ = {isa = PBXBuildFile; fileRef = 8E5E8AB31ADE25E000714288 /* AINFormValidationStyleFactory.m */; };
		8E5E8AB71ADE2AAB00714288 /* AINFormValidationAccessoryIcon.m in Sources */ = {isa = PBXBuildFile; fileRef = 8E5E8AB61ADE2AAB00714288 /* AINFormValidationAccessoryIcon.m */; };
		8E990D091A89C01C00CBE876 /* Foundation.framework in Frameworks */ = {isa = PBXBuildFile; fileRef = 8E06607A1A733EEF0099B3AB /* Foundation.framework */; };
		8E990D0A1A89C01C00CBE876 /* CoreGraphics.framework in Frameworks */ = {isa = PBXBuildFile; fileRef = 8E06607C1A733EEF0099B3AB /* CoreGraphics.framework */; };
		8E990D0B1A89C01C00CBE876 /* UIKit.framework in Frameworks */ = {isa = PBXBuildFile; fileRef = 8E06607E1A733EEF0099B3AB /* UIKit.framework */; };
		8E990D111A89C01C00CBE876 /* InfoPlist.strings in Resources */ = {isa = PBXBuildFile; fileRef = 8E990D0F1A89C01C00CBE876 /* InfoPlist.strings */; };
		8E990D131A89C01C00CBE876 /* main.m in Sources */ = {isa = PBXBuildFile; fileRef = 8E990D121A89C01C00CBE876 /* main.m */; };
		8E990D171A89C01C00CBE876 /* AppDelegate.m in Sources */ = {isa = PBXBuildFile; fileRef = 8E990D161A89C01C00CBE876 /* AppDelegate.m */; };
		8E990D191A89C01C00CBE876 /* Images.xcassets in Resources */ = {isa = PBXBuildFile; fileRef = 8E990D181A89C01C00CBE876 /* Images.xcassets */; };
		8E990D321A89C05400CBE876 /* AINFormView.m in Sources */ = {isa = PBXBuildFile; fileRef = 8E0660B31A733FB30099B3AB /* AINFormView.m */; };
		8E990D331A89C05700CBE876 /* AINFormViewCell.m in Sources */ = {isa = PBXBuildFile; fileRef = 8ED4E5821A734A1600DFB83D /* AINFormViewCell.m */; };
		8ED4E5831A734A1600DFB83D /* AINFormViewCell.m in Sources */ = {isa = PBXBuildFile; fileRef = 8ED4E5821A734A1600DFB83D /* AINFormViewCell.m */; };
/* End PBXBuildFile section */

/* Begin PBXContainerItemProxy section */
		8E0660A01A733EEF0099B3AB /* PBXContainerItemProxy */ = {
			isa = PBXContainerItemProxy;
			containerPortal = 8E06606F1A733EEF0099B3AB /* Project object */;
			proxyType = 1;
			remoteGlobalIDString = 8E0660761A733EEF0099B3AB;
			remoteInfo = AINFormView;
		};
/* End PBXContainerItemProxy section */

/* Begin PBXFileReference section */
		8E0660771A733EEF0099B3AB /* AINFormView.app */ = {isa = PBXFileReference; explicitFileType = wrapper.application; includeInIndex = 0; path = AINFormView.app; sourceTree = BUILT_PRODUCTS_DIR; };
		8E06607A1A733EEF0099B3AB /* Foundation.framework */ = {isa = PBXFileReference; lastKnownFileType = wrapper.framework; name = Foundation.framework; path = System/Library/Frameworks/Foundation.framework; sourceTree = SDKROOT; };
		8E06607C1A733EEF0099B3AB /* CoreGraphics.framework */ = {isa = PBXFileReference; lastKnownFileType = wrapper.framework; name = CoreGraphics.framework; path = System/Library/Frameworks/CoreGraphics.framework; sourceTree = SDKROOT; };
		8E06607E1A733EEF0099B3AB /* UIKit.framework */ = {isa = PBXFileReference; lastKnownFileType = wrapper.framework; name = UIKit.framework; path = System/Library/Frameworks/UIKit.framework; sourceTree = SDKROOT; };
		8E0660821A733EEF0099B3AB /* AINFormView-Info.plist */ = {isa = PBXFileReference; lastKnownFileType = text.plist.xml; path = "AINFormView-Info.plist"; sourceTree = "<group>"; };
		8E0660841A733EEF0099B3AB /* en */ = {isa = PBXFileReference; lastKnownFileType = text.plist.strings; name = en; path = en.lproj/InfoPlist.strings; sourceTree = "<group>"; };
		8E0660861A733EEF0099B3AB /* main.m */ = {isa = PBXFileReference; lastKnownFileType = sourcecode.c.objc; path = main.m; sourceTree = "<group>"; };
		8E0660881A733EEF0099B3AB /* AINFormView-Prefix.pch */ = {isa = PBXFileReference; lastKnownFileType = sourcecode.c.h; path = "AINFormView-Prefix.pch"; sourceTree = "<group>"; };
		8E0660891A733EEF0099B3AB /* AppDelegate.h */ = {isa = PBXFileReference; lastKnownFileType = sourcecode.c.h; path = AppDelegate.h; sourceTree = "<group>"; };
		8E06608A1A733EEF0099B3AB /* AppDelegate.m */ = {isa = PBXFileReference; lastKnownFileType = sourcecode.c.objc; path = AppDelegate.m; sourceTree = "<group>"; };
		8E06608D1A733EEF0099B3AB /* Base */ = {isa = PBXFileReference; lastKnownFileType = file.storyboard; name = Base; path = Base.lproj/Main_iPhone.storyboard; sourceTree = "<group>"; };
		8E0660901A733EEF0099B3AB /* Base */ = {isa = PBXFileReference; lastKnownFileType = file.storyboard; name = Base; path = Base.lproj/Main_iPad.storyboard; sourceTree = "<group>"; };
		8E0660921A733EEF0099B3AB /* ViewController.h */ = {isa = PBXFileReference; lastKnownFileType = sourcecode.c.h; path = ViewController.h; sourceTree = "<group>"; };
		8E0660931A733EEF0099B3AB /* ViewController.m */ = {isa = PBXFileReference; lastKnownFileType = sourcecode.c.objc; path = ViewController.m; sourceTree = "<group>"; };
		8E0660951A733EEF0099B3AB /* Images.xcassets */ = {isa = PBXFileReference; lastKnownFileType = folder.assetcatalog; path = Images.xcassets; sourceTree = "<group>"; };
		8E06609B1A733EEF0099B3AB /* AINFormViewTests.xctest */ = {isa = PBXFileReference; explicitFileType = wrapper.cfbundle; includeInIndex = 0; path = AINFormViewTests.xctest; sourceTree = BUILT_PRODUCTS_DIR; };
		8E06609C1A733EEF0099B3AB /* XCTest.framework */ = {isa = PBXFileReference; lastKnownFileType = wrapper.framework; name = XCTest.framework; path = Library/Frameworks/XCTest.framework; sourceTree = DEVELOPER_DIR; };
		8E0660A41A733EEF0099B3AB /* AINFormViewTests-Info.plist */ = {isa = PBXFileReference; lastKnownFileType = text.plist.xml; path = "AINFormViewTests-Info.plist"; sourceTree = "<group>"; };
		8E0660A61A733EEF0099B3AB /* en */ = {isa = PBXFileReference; lastKnownFileType = text.plist.strings; name = en; path = en.lproj/InfoPlist.strings; sourceTree = "<group>"; };
		8E0660A81A733EEF0099B3AB /* AINFormViewTests.m */ = {isa = PBXFileReference; lastKnownFileType = sourcecode.c.objc; path = AINFormViewTests.m; sourceTree = "<group>"; };
		8E0660B21A733FB30099B3AB /* AINFormView.h */ = {isa = PBXFileReference; fileEncoding = 4; lastKnownFileType = sourcecode.c.h; path = AINFormView.h; sourceTree = "<group>"; };
		8E0660B31A733FB30099B3AB /* AINFormView.m */ = {isa = PBXFileReference; fileEncoding = 4; lastKnownFileType = sourcecode.c.objc; path = AINFormView.m; sourceTree = "<group>"; };
		8E5E8AAC1ADE216200714288 /* AINFormValidationDisplay.h */ = {isa = PBXFileReference; fileEncoding = 4; lastKnownFileType = sourcecode.c.h; path = AINFormValidationDisplay.h; sourceTree = "<group>"; };
		8E5E8AAD1ADE240800714288 /* AINFormValidationDisplay.m */ = {isa = PBXFileReference; fileEncoding = 4; lastKnownFileType = sourcecode.c.objc; path = AINFormValidationDisplay.m; sourceTree = "<group>"; };
		8E5E8AAF1ADE24F500714288 /* AINFormValidationOutline.h */ = {isa = PBXFileReference; fileEncoding = 4; lastKnownFileType = sourcecode.c.h; path = AINFormValidationOutline.h; sourceTree = "<group>"; };
		8E5E8AB01ADE24F500714288 /* AINFormValidationOutline.m */ = {isa = PBXFileReference; fileEncoding = 4; lastKnownFileType = sourcecode.c.objc; path = AINFormValidationOutline.m; sourceTree = "<group>"; };
		8E5E8AB21ADE25E000714288 /* AINFormValidationStyleFactory.h */ = {isa = PBXFileReference; fileEncoding = 4; lastKnownFileType = sourcecode.c.h; path = AINFormValidationStyleFactory.h; sourceTree = "<group>"; };
		8E5E8AB31ADE25E000714288 /* AINFormValidationStyleFactory.m */ = {isa = PBXFileReference; fileEncoding = 4; lastKnownFileType = sourcecode.c.objc; path = AINFormValidationStyleFactory.m; sourceTree = "<group>"; };
		8E5E8AB51ADE2AAB00714288 /* AINFormValidationAccessoryIcon.h */ = {isa = PBXFileReference; fileEncoding = 4; lastKnownFileType = sourcecode.c.h; path = AINFormValidationAccessoryIcon.h; sourceTree = "<group>"; };
		8E5E8AB61ADE2AAB00714288 /* AINFormValidationAccessoryIcon.m */ = {isa = PBXFileReference; fileEncoding = 4; lastKnownFileType = sourcecode.c.objc; path = AINFormValidationAccessoryIcon.m; sourceTree = "<group>"; };
		8E990D081A89C01C00CBE876 /* AINFormViewUnitTests.app */ = {isa = PBXFileReference; explicitFileType = wrapper.application; includeInIndex = 0; path = AINFormViewUnitTests.app; sourceTree = BUILT_PRODUCTS_DIR; };
		8E990D0E1A89C01C00CBE876 /* AINFormViewUnitTests-Info.plist */ = {isa = PBXFileReference; lastKnownFileType = text.plist.xml; path = "AINFormViewUnitTests-Info.plist"; sourceTree = "<group>"; };
		8E990D101A89C01C00CBE876 /* en */ = {isa = PBXFileReference; lastKnownFileType = text.plist.strings; name = en; path = en.lproj/InfoPlist.strings; sourceTree = "<group>"; };
		8E990D121A89C01C00CBE876 /* main.m */ = {isa = PBXFileReference; lastKnownFileType = sourcecode.c.objc; path = main.m; sourceTree = "<group>"; };
		8E990D141A89C01C00CBE876 /* AINFormViewUnitTests-Prefix.pch */ = {isa = PBXFileReference; lastKnownFileType = sourcecode.c.h; path = "AINFormViewUnitTests-Prefix.pch"; sourceTree = "<group>"; };
		8E990D151A89C01C00CBE876 /* AppDelegate.h */ = {isa = PBXFileReference; lastKnownFileType = sourcecode.c.h; path = AppDelegate.h; sourceTree = "<group>"; };
		8E990D161A89C01C00CBE876 /* AppDelegate.m */ = {isa = PBXFileReference; lastKnownFileType = sourcecode.c.objc; path = AppDelegate.m; sourceTree = "<group>"; };
		8E990D181A89C01C00CBE876 /* Images.xcassets */ = {isa = PBXFileReference; lastKnownFileType = folder.assetcatalog; path = Images.xcassets; sourceTree = "<group>"; };
		8ED4E5811A734A1600DFB83D /* AINFormViewCell.h */ = {isa = PBXFileReference; fileEncoding = 4; lastKnownFileType = sourcecode.c.h; path = AINFormViewCell.h; sourceTree = "<group>"; };
		8ED4E5821A734A1600DFB83D /* AINFormViewCell.m */ = {isa = PBXFileReference; fileEncoding = 4; lastKnownFileType = sourcecode.c.objc; path = AINFormViewCell.m; sourceTree = "<group>"; };
/* End PBXFileReference section */

/* Begin PBXFrameworksBuildPhase section */
		8E0660741A733EEF0099B3AB /* Frameworks */ = {
			isa = PBXFrameworksBuildPhase;
			buildActionMask = 2147483647;
			files = (
				8E06607D1A733EEF0099B3AB /* CoreGraphics.framework in Frameworks */,
				8E06607F1A733EEF0099B3AB /* UIKit.framework in Frameworks */,
				8E06607B1A733EEF0099B3AB /* Foundation.framework in Frameworks */,
			);
			runOnlyForDeploymentPostprocessing = 0;
		};
		8E0660981A733EEF0099B3AB /* Frameworks */ = {
			isa = PBXFrameworksBuildPhase;
			buildActionMask = 2147483647;
			files = (
				8E06609D1A733EEF0099B3AB /* XCTest.framework in Frameworks */,
				8E06609F1A733EEF0099B3AB /* UIKit.framework in Frameworks */,
				8E06609E1A733EEF0099B3AB /* Foundation.framework in Frameworks */,
			);
			runOnlyForDeploymentPostprocessing = 0;
		};
		8E990D051A89C01C00CBE876 /* Frameworks */ = {
			isa = PBXFrameworksBuildPhase;
			buildActionMask = 2147483647;
			files = (
				8E990D0A1A89C01C00CBE876 /* CoreGraphics.framework in Frameworks */,
				8E990D0B1A89C01C00CBE876 /* UIKit.framework in Frameworks */,
				8E990D091A89C01C00CBE876 /* Foundation.framework in Frameworks */,
			);
			runOnlyForDeploymentPostprocessing = 0;
		};
/* End PBXFrameworksBuildPhase section */

/* Begin PBXGroup section */
		8E06606E1A733EEF0099B3AB = {
			isa = PBXGroup;
			children = (
				8E0660801A733EEF0099B3AB /* AINFormView */,
				8E0660A21A733EEF0099B3AB /* AINFormViewTests */,
				8E990D0C1A89C01C00CBE876 /* AINFormViewUnitTests */,
				8E0660791A733EEF0099B3AB /* Frameworks */,
				8E0660781A733EEF0099B3AB /* Products */,
			);
			sourceTree = "<group>";
		};
		8E0660781A733EEF0099B3AB /* Products */ = {
			isa = PBXGroup;
			children = (
				8E0660771A733EEF0099B3AB /* AINFormView.app */,
				8E06609B1A733EEF0099B3AB /* AINFormViewTests.xctest */,
				8E990D081A89C01C00CBE876 /* AINFormViewUnitTests.app */,
			);
			name = Products;
			sourceTree = "<group>";
		};
		8E0660791A733EEF0099B3AB /* Frameworks */ = {
			isa = PBXGroup;
			children = (
				8E06607A1A733EEF0099B3AB /* Foundation.framework */,
				8E06607C1A733EEF0099B3AB /* CoreGraphics.framework */,
				8E06607E1A733EEF0099B3AB /* UIKit.framework */,
				8E06609C1A733EEF0099B3AB /* XCTest.framework */,
			);
			name = Frameworks;
			sourceTree = "<group>";
		};
		8E0660801A733EEF0099B3AB /* AINFormView */ = {
			isa = PBXGroup;
			children = (
				8E5E8AAB1ADE212500714288 /* AINFormViewCell Decorators */,
				8E0660B21A733FB30099B3AB /* AINFormView.h */,
				8E0660B31A733FB30099B3AB /* AINFormView.m */,
				8ED4E5811A734A1600DFB83D /* AINFormViewCell.h */,
				8ED4E5821A734A1600DFB83D /* AINFormViewCell.m */,
				8E06608C1A733EEF0099B3AB /* Main_iPhone.storyboard */,
				8E06608F1A733EEF0099B3AB /* Main_iPad.storyboard */,
				8E0660891A733EEF0099B3AB /* AppDelegate.h */,
				8E06608A1A733EEF0099B3AB /* AppDelegate.m */,
				8E0660921A733EEF0099B3AB /* ViewController.h */,
				8E0660931A733EEF0099B3AB /* ViewController.m */,
				8E0660951A733EEF0099B3AB /* Images.xcassets */,
				8E0660811A733EEF0099B3AB /* Supporting Files */,
			);
			path = AINFormView;
			sourceTree = "<group>";
		};
		8E0660811A733EEF0099B3AB /* Supporting Files */ = {
			isa = PBXGroup;
			children = (
				8E0660821A733EEF0099B3AB /* AINFormView-Info.plist */,
				8E0660831A733EEF0099B3AB /* InfoPlist.strings */,
				8E0660861A733EEF0099B3AB /* main.m */,
				8E0660881A733EEF0099B3AB /* AINFormView-Prefix.pch */,
			);
			name = "Supporting Files";
			sourceTree = "<group>";
		};
		8E0660A21A733EEF0099B3AB /* AINFormViewTests */ = {
			isa = PBXGroup;
			children = (
				8E0660A81A733EEF0099B3AB /* AINFormViewTests.m */,
				8E0660A31A733EEF0099B3AB /* Supporting Files */,
			);
			path = AINFormViewTests;
			sourceTree = "<group>";
		};
		8E0660A31A733EEF0099B3AB /* Supporting Files */ = {
			isa = PBXGroup;
			children = (
				8E0660A41A733EEF0099B3AB /* AINFormViewTests-Info.plist */,
				8E0660A51A733EEF0099B3AB /* InfoPlist.strings */,
			);
			name = "Supporting Files";
			sourceTree = "<group>";
		};
		8E5E8AAB1ADE212500714288 /* AINFormViewCell Decorators */ = {
			isa = PBXGroup;
			children = (
				8E5E8AAC1ADE216200714288 /* AINFormValidationDisplay.h */,
				8E5E8AAD1ADE240800714288 /* AINFormValidationDisplay.m */,
				8E5E8AAF1ADE24F500714288 /* AINFormValidationOutline.h */,
				8E5E8AB01ADE24F500714288 /* AINFormValidationOutline.m */,
				8E5E8AB51ADE2AAB00714288 /* AINFormValidationAccessoryIcon.h */,
				8E5E8AB61ADE2AAB00714288 /* AINFormValidationAccessoryIcon.m */,
				8E5E8AB21ADE25E000714288 /* AINFormValidationStyleFactory.h */,
				8E5E8AB31ADE25E000714288 /* AINFormValidationStyleFactory.m */,
			);
			name = "AINFormViewCell Decorators";
			sourceTree = "<group>";
		};
		8E990D0C1A89C01C00CBE876 /* AINFormViewUnitTests */ = {
			isa = PBXGroup;
			children = (
				8E990D151A89C01C00CBE876 /* AppDelegate.h */,
				8E990D161A89C01C00CBE876 /* AppDelegate.m */,
				8E990D181A89C01C00CBE876 /* Images.xcassets */,
				8E990D0D1A89C01C00CBE876 /* Supporting Files */,
			);
			path = AINFormViewUnitTests;
			sourceTree = "<group>";
		};
		8E990D0D1A89C01C00CBE876 /* Supporting Files */ = {
			isa = PBXGroup;
			children = (
				8E990D0E1A89C01C00CBE876 /* AINFormViewUnitTests-Info.plist */,
				8E990D0F1A89C01C00CBE876 /* InfoPlist.strings */,
				8E990D121A89C01C00CBE876 /* main.m */,
				8E990D141A89C01C00CBE876 /* AINFormViewUnitTests-Prefix.pch */,
			);
			name = "Supporting Files";
			sourceTree = "<group>";
		};
/* End PBXGroup section */

/* Begin PBXNativeTarget section */
		8E0660761A733EEF0099B3AB /* AINFormView */ = {
			isa = PBXNativeTarget;
			buildConfigurationList = 8E0660AC1A733EEF0099B3AB /* Build configuration list for PBXNativeTarget "AINFormView" */;
			buildPhases = (
				8E0660731A733EEF0099B3AB /* Sources */,
				8E0660741A733EEF0099B3AB /* Frameworks */,
				8E0660751A733EEF0099B3AB /* Resources */,
			);
			buildRules = (
			);
			dependencies = (
			);
			name = AINFormView;
			productName = AINFormView;
			productReference = 8E0660771A733EEF0099B3AB /* AINFormView.app */;
			productType = "com.apple.product-type.application";
		};
		8E06609A1A733EEF0099B3AB /* AINFormViewTests */ = {
			isa = PBXNativeTarget;
			buildConfigurationList = 8E0660AF1A733EEF0099B3AB /* Build configuration list for PBXNativeTarget "AINFormViewTests" */;
			buildPhases = (
				8E0660971A733EEF0099B3AB /* Sources */,
				8E0660981A733EEF0099B3AB /* Frameworks */,
				8E0660991A733EEF0099B3AB /* Resources */,
			);
			buildRules = (
			);
			dependencies = (
				8E0660A11A733EEF0099B3AB /* PBXTargetDependency */,
			);
			name = AINFormViewTests;
			productName = AINFormViewTests;
			productReference = 8E06609B1A733EEF0099B3AB /* AINFormViewTests.xctest */;
			productType = "com.apple.product-type.bundle.unit-test";
		};
		8E990D071A89C01C00CBE876 /* AINFormViewUnitTests */ = {
			isa = PBXNativeTarget;
			buildConfigurationList = 8E990D301A89C01C00CBE876 /* Build configuration list for PBXNativeTarget "AINFormViewUnitTests" */;
			buildPhases = (
				8E990D041A89C01C00CBE876 /* Sources */,
				8E990D051A89C01C00CBE876 /* Frameworks */,
				8E990D061A89C01C00CBE876 /* Resources */,
			);
			buildRules = (
			);
			dependencies = (
			);
			name = AINFormViewUnitTests;
			productName = AINFormViewUnitTests;
			productReference = 8E990D081A89C01C00CBE876 /* AINFormViewUnitTests.app */;
			productType = "com.apple.product-type.application";
		};
/* End PBXNativeTarget section */

/* Begin PBXProject section */
		8E06606F1A733EEF0099B3AB /* Project object */ = {
			isa = PBXProject;
			attributes = {
				CLASSPREFIX = AIN;
				LastUpgradeCheck = 0510;
				ORGANIZATIONNAME = "Assorted Intelligence";
				TargetAttributes = {
					8E06609A1A733EEF0099B3AB = {
						TestTargetID = 8E990D071A89C01C00CBE876;
					};
				};
			};
			buildConfigurationList = 8E0660721A733EEF0099B3AB /* Build configuration list for PBXProject "AINFormView" */;
			compatibilityVersion = "Xcode 3.2";
			developmentRegion = English;
			hasScannedForEncodings = 0;
			knownRegions = (
				en,
				Base,
			);
			mainGroup = 8E06606E1A733EEF0099B3AB;
			productRefGroup = 8E0660781A733EEF0099B3AB /* Products */;
			projectDirPath = "";
			projectRoot = "";
			targets = (
				8E0660761A733EEF0099B3AB /* AINFormView */,
				8E06609A1A733EEF0099B3AB /* AINFormViewTests */,
				8E990D071A89C01C00CBE876 /* AINFormViewUnitTests */,
			);
		};
/* End PBXProject section */

/* Begin PBXResourcesBuildPhase section */
		8E0660751A733EEF0099B3AB /* Resources */ = {
			isa = PBXResourcesBuildPhase;
			buildActionMask = 2147483647;
			files = (
				8E0660911A733EEF0099B3AB /* Main_iPad.storyboard in Resources */,
				8E0660961A733EEF0099B3AB /* Images.xcassets in Resources */,
				8E06608E1A733EEF0099B3AB /* Main_iPhone.storyboard in Resources */,
				8E0660851A733EEF0099B3AB /* InfoPlist.strings in Resources */,
			);
			runOnlyForDeploymentPostprocessing = 0;
		};
		8E0660991A733EEF0099B3AB /* Resources */ = {
			isa = PBXResourcesBuildPhase;
			buildActionMask = 2147483647;
			files = (
				8E0660A71A733EEF0099B3AB /* InfoPlist.strings in Resources */,
			);
			runOnlyForDeploymentPostprocessing = 0;
		};
		8E990D061A89C01C00CBE876 /* Resources */ = {
			isa = PBXResourcesBuildPhase;
			buildActionMask = 2147483647;
			files = (
				8E990D111A89C01C00CBE876 /* InfoPlist.strings in Resources */,
				8E990D191A89C01C00CBE876 /* Images.xcassets in Resources */,
			);
			runOnlyForDeploymentPostprocessing = 0;
		};
/* End PBXResourcesBuildPhase section */

/* Begin PBXSourcesBuildPhase section */
		8E0660731A733EEF0099B3AB /* Sources */ = {
			isa = PBXSourcesBuildPhase;
			buildActionMask = 2147483647;
			files = (
				8E0660941A733EEF0099B3AB /* ViewController.m in Sources */,
				8E06608B1A733EEF0099B3AB /* AppDelegate.m in Sources */,
				8E5E8AB41ADE25E000714288 /* AINFormValidationStyleFactory.m in Sources */,
				8E0660871A733EEF0099B3AB /* main.m in Sources */,
				8E0660B41A733FB30099B3AB /* AINFormView.m in Sources */,
				8E5E8AAE1ADE240800714288 /* AINFormValidationDisplay.m in Sources */,
				8E5E8AB71ADE2AAB00714288 /* AINFormValidationAccessoryIcon.m in Sources */,
				8ED4E5831A734A1600DFB83D /* AINFormViewCell.m in Sources */,
				8E5E8AB11ADE24F500714288 /* AINFormValidationOutline.m in Sources */,
			);
			runOnlyForDeploymentPostprocessing = 0;
		};
		8E0660971A733EEF0099B3AB /* Sources */ = {
			isa = PBXSourcesBuildPhase;
			buildActionMask = 2147483647;
			files = (
				8E0660A91A733EEF0099B3AB /* AINFormViewTests.m in Sources */,
			);
			runOnlyForDeploymentPostprocessing = 0;
		};
		8E990D041A89C01C00CBE876 /* Sources */ = {
			isa = PBXSourcesBuildPhase;
			buildActionMask = 2147483647;
			files = (
				8E990D321A89C05400CBE876 /* AINFormView.m in Sources */,
				8E990D171A89C01C00CBE876 /* AppDelegate.m in Sources */,
				8E990D131A89C01C00CBE876 /* main.m in Sources */,
				8E990D331A89C05700CBE876 /* AINFormViewCell.m in Sources */,
			);
			runOnlyForDeploymentPostprocessing = 0;
		};
/* End PBXSourcesBuildPhase section */

/* Begin PBXTargetDependency section */
		8E0660A11A733EEF0099B3AB /* PBXTargetDependency */ = {
			isa = PBXTargetDependency;
			target = 8E0660761A733EEF0099B3AB /* AINFormView */;
			targetProxy = 8E0660A01A733EEF0099B3AB /* PBXContainerItemProxy */;
		};
/* End PBXTargetDependency section */

/* Begin PBXVariantGroup section */
		8E0660831A733EEF0099B3AB /* InfoPlist.strings */ = {
			isa = PBXVariantGroup;
			children = (
				8E0660841A733EEF0099B3AB /* en */,
			);
			name = InfoPlist.strings;
			sourceTree = "<group>";
		};
		8E06608C1A733EEF0099B3AB /* Main_iPhone.storyboard */ = {
			isa = PBXVariantGroup;
			children = (
				8E06608D1A733EEF0099B3AB /* Base */,
			);
			name = Main_iPhone.storyboard;
			sourceTree = "<group>";
		};
		8E06608F1A733EEF0099B3AB /* Main_iPad.storyboard */ = {
			isa = PBXVariantGroup;
			children = (
				8E0660901A733EEF0099B3AB /* Base */,
			);
			name = Main_iPad.storyboard;
			sourceTree = "<group>";
		};
		8E0660A51A733EEF0099B3AB /* InfoPlist.strings */ = {
			isa = PBXVariantGroup;
			children = (
				8E0660A61A733EEF0099B3AB /* en */,
			);
			name = InfoPlist.strings;
			sourceTree = "<group>";
		};
		8E990D0F1A89C01C00CBE876 /* InfoPlist.strings */ = {
			isa = PBXVariantGroup;
			children = (
				8E990D101A89C01C00CBE876 /* en */,
			);
			name = InfoPlist.strings;
			sourceTree = "<group>";
		};
/* End PBXVariantGroup section */

/* Begin XCBuildConfiguration section */
		8E0660AA1A733EEF0099B3AB /* Debug */ = {
			isa = XCBuildConfiguration;
			buildSettings = {
				ALWAYS_SEARCH_USER_PATHS = NO;
				CLANG_CXX_LANGUAGE_STANDARD = "gnu++0x";
				CLANG_CXX_LIBRARY = "libc++";
				CLANG_ENABLE_MODULES = YES;
				CLANG_ENABLE_OBJC_ARC = YES;
				CLANG_WARN_BOOL_CONVERSION = YES;
				CLANG_WARN_CONSTANT_CONVERSION = YES;
				CLANG_WARN_DIRECT_OBJC_ISA_USAGE = YES_ERROR;
				CLANG_WARN_EMPTY_BODY = YES;
				CLANG_WARN_ENUM_CONVERSION = YES;
				CLANG_WARN_INT_CONVERSION = YES;
				CLANG_WARN_OBJC_ROOT_CLASS = YES_ERROR;
				CLANG_WARN__DUPLICATE_METHOD_MATCH = YES;
				"CODE_SIGN_IDENTITY[sdk=iphoneos*]" = "iPhone Developer";
				COPY_PHASE_STRIP = NO;
				GCC_C_LANGUAGE_STANDARD = gnu99;
				GCC_DYNAMIC_NO_PIC = NO;
				GCC_OPTIMIZATION_LEVEL = 0;
				GCC_PREPROCESSOR_DEFINITIONS = (
					"DEBUG=1",
					"$(inherited)",
				);
				GCC_SYMBOLS_PRIVATE_EXTERN = NO;
				GCC_WARN_64_TO_32_BIT_CONVERSION = YES;
				GCC_WARN_ABOUT_RETURN_TYPE = YES_ERROR;
				GCC_WARN_UNDECLARED_SELECTOR = YES;
				GCC_WARN_UNINITIALIZED_AUTOS = YES_AGGRESSIVE;
				GCC_WARN_UNUSED_FUNCTION = YES;
				GCC_WARN_UNUSED_VARIABLE = YES;
				IPHONEOS_DEPLOYMENT_TARGET = 7.1;
				ONLY_ACTIVE_ARCH = YES;
				SDKROOT = iphoneos;
				TARGETED_DEVICE_FAMILY = "1,2";
			};
			name = Debug;
		};
		8E0660AB1A733EEF0099B3AB /* Release */ = {
			isa = XCBuildConfiguration;
			buildSettings = {
				ALWAYS_SEARCH_USER_PATHS = NO;
				CLANG_CXX_LANGUAGE_STANDARD = "gnu++0x";
				CLANG_CXX_LIBRARY = "libc++";
				CLANG_ENABLE_MODULES = YES;
				CLANG_ENABLE_OBJC_ARC = YES;
				CLANG_WARN_BOOL_CONVERSION = YES;
				CLANG_WARN_CONSTANT_CONVERSION = YES;
				CLANG_WARN_DIRECT_OBJC_ISA_USAGE = YES_ERROR;
				CLANG_WARN_EMPTY_BODY = YES;
				CLANG_WARN_ENUM_CONVERSION = YES;
				CLANG_WARN_INT_CONVERSION = YES;
				CLANG_WARN_OBJC_ROOT_CLASS = YES_ERROR;
				CLANG_WARN__DUPLICATE_METHOD_MATCH = YES;
				"CODE_SIGN_IDENTITY[sdk=iphoneos*]" = "iPhone Developer";
				COPY_PHASE_STRIP = YES;
				ENABLE_NS_ASSERTIONS = NO;
				GCC_C_LANGUAGE_STANDARD = gnu99;
				GCC_WARN_64_TO_32_BIT_CONVERSION = YES;
				GCC_WARN_ABOUT_RETURN_TYPE = YES_ERROR;
				GCC_WARN_UNDECLARED_SELECTOR = YES;
				GCC_WARN_UNINITIALIZED_AUTOS = YES_AGGRESSIVE;
				GCC_WARN_UNUSED_FUNCTION = YES;
				GCC_WARN_UNUSED_VARIABLE = YES;
				IPHONEOS_DEPLOYMENT_TARGET = 7.1;
				SDKROOT = iphoneos;
				TARGETED_DEVICE_FAMILY = "1,2";
				VALIDATE_PRODUCT = YES;
			};
			name = Release;
		};
		8E0660AD1A733EEF0099B3AB /* Debug */ = {
			isa = XCBuildConfiguration;
			buildSettings = {
				ASSETCATALOG_COMPILER_APPICON_NAME = AppIcon;
				ASSETCATALOG_COMPILER_LAUNCHIMAGE_NAME = LaunchImage;
				GCC_PRECOMPILE_PREFIX_HEADER = YES;
				GCC_PREFIX_HEADER = "AINFormView/AINFormView-Prefix.pch";
				INFOPLIST_FILE = "AINFormView/AINFormView-Info.plist";
				PRODUCT_NAME = "$(TARGET_NAME)";
				WRAPPER_EXTENSION = app;
			};
			name = Debug;
		};
		8E0660AE1A733EEF0099B3AB /* Release */ = {
			isa = XCBuildConfiguration;
			buildSettings = {
				ASSETCATALOG_COMPILER_APPICON_NAME = AppIcon;
				ASSETCATALOG_COMPILER_LAUNCHIMAGE_NAME = LaunchImage;
				GCC_PRECOMPILE_PREFIX_HEADER = YES;
				GCC_PREFIX_HEADER = "AINFormView/AINFormView-Prefix.pch";
				INFOPLIST_FILE = "AINFormView/AINFormView-Info.plist";
				PRODUCT_NAME = "$(TARGET_NAME)";
				WRAPPER_EXTENSION = app;
			};
			name = Release;
		};
		8E0660B01A733EEF0099B3AB /* Debug */ = {
			isa = XCBuildConfiguration;
			buildSettings = {
				BUNDLE_LOADER = "$(BUILT_PRODUCTS_DIR)/AINFormViewUnitTests.app/AINFormViewUnitTests";
				FRAMEWORK_SEARCH_PATHS = (
					"$(SDKROOT)/Developer/Library/Frameworks",
					"$(inherited)",
					"$(DEVELOPER_FRAMEWORKS_DIR)",
				);
				GCC_PRECOMPILE_PREFIX_HEADER = YES;
				GCC_PREFIX_HEADER = "AINFormView/AINFormView-Prefix.pch";
				GCC_PREPROCESSOR_DEFINITIONS = (
					"DEBUG=1",
					"$(inherited)",
				);
				INFOPLIST_FILE = "AINFormViewTests/AINFormViewTests-Info.plist";
				PRODUCT_NAME = "$(TARGET_NAME)";
				TEST_HOST = "$(BUNDLE_LOADER)";
				WRAPPER_EXTENSION = xctest;
			};
			name = Debug;
		};
		8E0660B11A733EEF0099B3AB /* Release */ = {
			isa = XCBuildConfiguration;
			buildSettings = {
				BUNDLE_LOADER = "$(BUILT_PRODUCTS_DIR)/AINFormViewUnitTests.app/AINFormViewUnitTests";
				FRAMEWORK_SEARCH_PATHS = (
					"$(SDKROOT)/Developer/Library/Frameworks",
					"$(inherited)",
					"$(DEVELOPER_FRAMEWORKS_DIR)",
				);
				GCC_PRECOMPILE_PREFIX_HEADER = YES;
				GCC_PREFIX_HEADER = "AINFormView/AINFormView-Prefix.pch";
				INFOPLIST_FILE = "AINFormViewTests/AINFormViewTests-Info.plist";
				PRODUCT_NAME = "$(TARGET_NAME)";
				TEST_HOST = "$(BUNDLE_LOADER)";
				WRAPPER_EXTENSION = xctest;
			};
			name = Release;
		};
		8E990D2C1A89C01C00CBE876 /* Debug */ = {
			isa = XCBuildConfiguration;
			buildSettings = {
				ASSETCATALOG_COMPILER_APPICON_NAME = AppIcon;
				ASSETCATALOG_COMPILER_LAUNCHIMAGE_NAME = LaunchImage;
				GCC_PRECOMPILE_PREFIX_HEADER = YES;
				GCC_PREFIX_HEADER = "AINFormViewUnitTests/AINFormViewUnitTests-Prefix.pch";
				GCC_PREPROCESSOR_DEFINITIONS = (
					"DEBUG=1",
					"$(inherited)",
				);
				INFOPLIST_FILE = "AINFormViewUnitTests/AINFormViewUnitTests-Info.plist";
				PRODUCT_NAME = "$(TARGET_NAME)";
				WRAPPER_EXTENSION = app;
			};
			name = Debug;
		};
		8E990D2D1A89C01C00CBE876 /* Release */ = {
			isa = XCBuildConfiguration;
			buildSettings = {
				ASSETCATALOG_COMPILER_APPICON_NAME = AppIcon;
				ASSETCATALOG_COMPILER_LAUNCHIMAGE_NAME = LaunchImage;
				GCC_PRECOMPILE_PREFIX_HEADER = YES;
				GCC_PREFIX_HEADER = "AINFormViewUnitTests/AINFormViewUnitTests-Prefix.pch";
				INFOPLIST_FILE = "AINFormViewUnitTests/AINFormViewUnitTests-Info.plist";
				PRODUCT_NAME = "$(TARGET_NAME)";
				WRAPPER_EXTENSION = app;
			};
			name = Release;
		};
/* End XCBuildConfiguration section */

/* Begin XCConfigurationList section */
		8E0660721A733EEF0099B3AB /* Build configuration list for PBXProject "AINFormView" */ = {
			isa = XCConfigurationList;
			buildConfigurations = (
				8E0660AA1A733EEF0099B3AB /* Debug */,
				8E0660AB1A733EEF0099B3AB /* Release */,
			);
			defaultConfigurationIsVisible = 0;
			defaultConfigurationName = Release;
		};
		8E0660AC1A733EEF0099B3AB /* Build configuration list for PBXNativeTarget "AINFormView" */ = {
			isa = XCConfigurationList;
			buildConfigurations = (
				8E0660AD1A733EEF0099B3AB /* Debug */,
				8E0660AE1A733EEF0099B3AB /* Release */,
			);
			defaultConfigurationIsVisible = 0;
			defaultConfigurationName = Release;
		};
		8E0660AF1A733EEF0099B3AB /* Build configuration list for PBXNativeTarget "AINFormViewTests" */ = {
			isa = XCConfigurationList;
			buildConfigurations = (
				8E0660B01A733EEF0099B3AB /* Debug */,
				8E0660B11A733EEF0099B3AB /* Release */,
			);
			defaultConfigurationIsVisible = 0;
			defaultConfigurationName = Release;
		};
		8E990D301A89C01C00CBE876 /* Build configuration list for PBXNativeTarget "AINFormViewUnitTests" */ = {
			isa = XCConfigurationList;
			buildConfigurations = (
				8E990D2C1A89C01C00CBE876 /* Debug */,
				8E990D2D1A89C01C00CBE876 /* Release */,
			);
			defaultConfigurationIsVisible = 0;
			defaultConfigurationName = Release;
		};
/* End XCConfigurationList section */
	};
	rootObject = 8E06606F1A733EEF0099B3AB /* Project object */;
}
